
Microsoft Visual Studio Solution File, Format Version 12.00
# Visual Studio Version 16
VisualStudioVersion = 16.0.30011.22
MinimumVisualStudioVersion = 10.0.40219.1
Project("{9A19103F-16F7-4668-BE54-9A1E7A4F7556}") = "MunicipalityTaxes.Producer", "MunicipalityTaxes.Producer\MunicipalityTaxes.Producer.csproj", "{27CD5668-9DA2-49B5-BEDF-C54928A913EF}"
EndProject
Project("{FAE04EC0-301F-11D3-BF4B-00C04F79EFBC}") = "MunicipalityTaxes.DataAccess", "MunicipalityTaxes.DataAccess\MunicipalityTaxes.DataAccess.csproj", "{930C03C7-D766-4D31-968C-30729F191ECE}"
EndProject
Global
	GlobalSection(SolutionConfigurationPlatforms) = preSolution
		Debug|Any CPU = Debug|Any CPU
		Release|Any CPU = Release|Any CPU
	EndGlobalSection
	GlobalSection(ProjectConfigurationPlatforms) = postSolution
		{27CD5668-9DA2-49B5-BEDF-C54928A913EF}.Debug|Any CPU.ActiveCfg = Debug|Any CPU
		{27CD5668-9DA2-49B5-BEDF-C54928A913EF}.Debug|Any CPU.Build.0 = Debug|Any CPU
		{27CD5668-9DA2-49B5-BEDF-C54928A913EF}.Release|Any CPU.ActiveCfg = Release|Any CPU
		{27CD5668-9DA2-49B5-BEDF-C54928A913EF}.Release|Any CPU.Build.0 = Release|Any CPU
		{930C03C7-D766-4D31-968C-30729F191ECE}.Debug|Any CPU.ActiveCfg = Debug|Any CPU
		{930C03C7-D766-4D31-968C-30729F191ECE}.Debug|Any CPU.Build.0 = Debug|Any CPU
		{930C03C7-D766-4D31-968C-30729F191ECE}.Release|Any CPU.ActiveCfg = Release|Any CPU
		{930C03C7-D766-4D31-968C-30729F191ECE}.Release|Any CPU.Build.0 = Release|Any CPU
	EndGlobalSection
	GlobalSection(SolutionProperties) = preSolution
		HideSolutionNode = FALSE
	EndGlobalSection
	GlobalSection(ExtensibilityGlobals) = postSolution
		SolutionGuid = {D76C31A3-4C8E-467A-8A1F-575872F4D50F}
	EndGlobalSection
EndGlobal
